
Microsoft Visual Studio Solution File, Format Version 12.00
# Visual Studio Version 17
VisualStudioVersion = 17.9.34728.123
MinimumVisualStudioVersion = 10.0.40219.1
Project("{FAE04EC0-301F-11D3-BF4B-00C04F79EFBC}") = "AracYonetimSistemi", "AracYonetimSistemi\AracYonetimSistemi.csproj", "{42A0FDBF-9D19-4843-BE6D-4CDC08412388}"
EndProject
Global
	GlobalSection(SolutionConfigurationPlatforms) = preSolution
		Debug|Any CPU = Debug|Any CPU
		Release|Any CPU = Release|Any CPU
	EndGlobalSection
	GlobalSection(ProjectConfigurationPlatforms) = postSolution
		{42A0FDBF-9D19-4843-BE6D-4CDC08412388}.Debug|Any CPU.ActiveCfg = Debug|Any CPU
		{42A0FDBF-9D19-4843-BE6D-4CDC08412388}.Debug|Any CPU.Build.0 = Debug|Any CPU
		{42A0FDBF-9D19-4843-BE6D-4CDC08412388}.Release|Any CPU.ActiveCfg = Release|Any CPU
		{42A0FDBF-9D19-4843-BE6D-4CDC08412388}.Release|Any CPU.Build.0 = Release|Any CPU
	EndGlobalSection
	GlobalSection(SolutionProperties) = preSolution
		HideSolutionNode = FALSE
	EndGlobalSection
	GlobalSection(ExtensibilityGlobals) = postSolution
		SolutionGuid = {2500F57F-60CB-4518-B65B-215DA8922F66}
	EndGlobalSection
EndGlobal
